
Microsoft Visual Studio Solution File, Format Version 12.00
# Visual Studio Version 17
VisualStudioVersion = 17.8.34330.188
MinimumVisualStudioVersion = 10.0.40219.1
Project("{FAE04EC0-301F-11D3-BF4B-00C04F79EFBC}") = "webapp1", "webapp1\webapp1.csproj", "{31A7DDA5-5320-4E3C-B291-3C1B0793AAE0}"
EndProject
Global
	GlobalSection(SolutionConfigurationPlatforms) = preSolution
		Debug|Any CPU = Debug|Any CPU
		Release|Any CPU = Release|Any CPU
	EndGlobalSection
	GlobalSection(ProjectConfigurationPlatforms) = postSolution
		{31A7DDA5-5320-4E3C-B291-3C1B0793AAE0}.Debug|Any CPU.ActiveCfg = Debug|Any CPU
		{31A7DDA5-5320-4E3C-B291-3C1B0793AAE0}.Debug|Any CPU.Build.0 = Debug|Any CPU
		{31A7DDA5-5320-4E3C-B291-3C1B0793AAE0}.Release|Any CPU.ActiveCfg = Release|Any CPU
		{31A7DDA5-5320-4E3C-B291-3C1B0793AAE0}.Release|Any CPU.Build.0 = Release|Any CPU
	EndGlobalSection
	GlobalSection(SolutionProperties) = preSolution
		HideSolutionNode = FALSE
	EndGlobalSection
	GlobalSection(ExtensibilityGlobals) = postSolution
		SolutionGuid = {13EECC56-E23A-4E11-A261-383400D890F2}
	EndGlobalSection
EndGlobal
